
Microsoft Visual Studio Solution File, Format Version 12.00
# Visual Studio Version 16
VisualStudioVersion = 16.0.30804.86
MinimumVisualStudioVersion = 10.0.40219.1
Project("{9A19103F-16F7-4668-BE54-9A1E7A4F7556}") = "Deveel.Smpp.Core", "src\Deveel.Smpp.Core\Deveel.Smpp.Core.csproj", "{4E52B052-C958-40DE-83AA-AE189FAD1293}"
EndProject
Project("{9A19103F-16F7-4668-BE54-9A1E7A4F7556}") = "Deveel.Smpp.Core.XUnit", "test\Deveel.Smpp.Core.XUnit\Deveel.Smpp.Core.XUnit.csproj", "{12999877-6D9E-411E-9C60-FDF23D9ECA02}"
EndProject
Project("{2150E333-8FDC-42A3-9474-1A3956D46DE8}") = "Solution Items", "Solution Items", "{681EC05B-C5EC-4FE0-9AF4-F3B9158FD823}"
	ProjectSection(SolutionItems) = preProject
		.editorconfig = .editorconfig
	EndProjectSection
EndProject
Global
	GlobalSection(SolutionConfigurationPlatforms) = preSolution
		Debug|Any CPU = Debug|Any CPU
		Release|Any CPU = Release|Any CPU
	EndGlobalSection
	GlobalSection(ProjectConfigurationPlatforms) = postSolution
		{4E52B052-C958-40DE-83AA-AE189FAD1293}.Debug|Any CPU.ActiveCfg = Debug|Any CPU
		{4E52B052-C958-40DE-83AA-AE189FAD1293}.Debug|Any CPU.Build.0 = Debug|Any CPU
		{4E52B052-C958-40DE-83AA-AE189FAD1293}.Release|Any CPU.ActiveCfg = Release|Any CPU
		{4E52B052-C958-40DE-83AA-AE189FAD1293}.Release|Any CPU.Build.0 = Release|Any CPU
		{12999877-6D9E-411E-9C60-FDF23D9ECA02}.Debug|Any CPU.ActiveCfg = Debug|Any CPU
		{12999877-6D9E-411E-9C60-FDF23D9ECA02}.Debug|Any CPU.Build.0 = Debug|Any CPU
		{12999877-6D9E-411E-9C60-FDF23D9ECA02}.Release|Any CPU.ActiveCfg = Release|Any CPU
		{12999877-6D9E-411E-9C60-FDF23D9ECA02}.Release|Any CPU.Build.0 = Release|Any CPU
	EndGlobalSection
	GlobalSection(SolutionProperties) = preSolution
		HideSolutionNode = FALSE
	EndGlobalSection
	GlobalSection(ExtensibilityGlobals) = postSolution
		SolutionGuid = {0D4C3372-1964-489C-9016-F178A7736B6F}
	EndGlobalSection
EndGlobal
